PODS:
  - Capacitor (2.3.0):
    - CapacitorCordova
  - CapacitorCordova (2.3.0)
  - FBSDKCoreKit (8.0.0):
    - FBSDKCoreKit/Basics (= 8.0.0)
    - FBSDKCoreKit/Core (= 8.0.0)
  - FBSDKCoreKit/Basics (8.0.0)
  - FBSDKCoreKit/Core (8.0.0):
    - FBSDKCoreKit/Basics

DEPENDENCIES:
  - "Capacitor (from `../node_modules/@capacitor/ios`)"
  - "CapacitorCordova (from `../node_modules/@capacitor/ios`)"
  - FBSDKCoreKit (~> 8.0.0)

SPEC REPOS:
  trunk:
    - FBSDKCoreKit

EXTERNAL SOURCES:
  Capacitor:
    :path: "../node_modules/@capacitor/ios"
  CapacitorCordova:
    :path: "../node_modules/@capacitor/ios"

SPEC CHECKSUMS:
  Capacitor: 93924638dc2063f4587c62e422d3fae842dd433a
  CapacitorCordova: 3278dcc8434597ec4653f20d8201f59b918945ad
  FBSDKCoreKit: 9d27fe97a2fa2abe5eeefea8240e837623ab88e0

PODFILE CHECKSUM: 8beeab89cdb98289a4d75a23e12b4f616c2f9ffd

COCOAPODS: 1.10.0
